
Microsoft Visual Studio Solution File, Format Version 12.00
# Visual Studio Version 17
VisualStudioVersion = 17.0.31903.59
MinimumVisualStudioVersion = 10.0.40219.1
Project("{2150E333-8FDC-42A3-9474-1A3956D46DE8}") = "src", "src", "{F98850FA-D861-48FC-9ADF-716E9AAA4739}"
EndProject
Project("{FAE04EC0-301F-11D3-BF4B-00C04F79EFBC}") = "Domain", "src\Domain\Domain.csproj", "{C14D011E-DAD2-4660-AAD8-162BFD1E3D1C}"
EndProject
Project("{FAE04EC0-301F-11D3-BF4B-00C04F79EFBC}") = "Application", "src\Application\Application.csproj", "{E81D74FD-A525-4E1D-AED2-F26A2CC6994C}"
EndProject
Project("{FAE04EC0-301F-11D3-BF4B-00C04F79EFBC}") = "Infrastructure", "src\Infrastructure\Infrastructure.csproj", "{BC029824-38AD-441C-93CF-AEE5158ED33D}"
EndProject
Project("{FAE04EC0-301F-11D3-BF4B-00C04F79EFBC}") = "API", "src\API\API.csproj", "{C7613817-C6D2-4844-A09B-D593EC36A688}"
EndProject
Project("{2150E333-8FDC-42A3-9474-1A3956D46DE8}") = "tests", "tests", "{A9296E07-58B4-475F-AB3E-70ACC4BD00D0}"
EndProject
Project("{FAE04EC0-301F-11D3-BF4B-00C04F79EFBC}") = "Domain.Tests", "tests\Domain.Tests\Domain.Tests.csproj", "{19A700BD-3442-4BED-B92C-05FFCA9878D4}"
EndProject
Project("{FAE04EC0-301F-11D3-BF4B-00C04F79EFBC}") = "Application.Tests", "tests\Application.Tests\Application.Tests.csproj", "{FC02418E-A36A-438E-90D7-690FF90C5918}"
EndProject
Global
	GlobalSection(SolutionConfigurationPlatforms) = preSolution
		Debug|Any CPU = Debug|Any CPU
		Release|Any CPU = Release|Any CPU
	EndGlobalSection
	GlobalSection(SolutionProperties) = preSolution
		HideSolutionNode = FALSE
	EndGlobalSection
	GlobalSection(ProjectConfigurationPlatforms) = postSolution
		{C14D011E-DAD2-4660-AAD8-162BFD1E3D1C}.Debug|Any CPU.ActiveCfg = Debug|Any CPU
		{C14D011E-DAD2-4660-AAD8-162BFD1E3D1C}.Debug|Any CPU.Build.0 = Debug|Any CPU
		{C14D011E-DAD2-4660-AAD8-162BFD1E3D1C}.Release|Any CPU.ActiveCfg = Release|Any CPU
		{C14D011E-DAD2-4660-AAD8-162BFD1E3D1C}.Release|Any CPU.Build.0 = Release|Any CPU
		{E81D74FD-A525-4E1D-AED2-F26A2CC6994C}.Debug|Any CPU.ActiveCfg = Debug|Any CPU
		{E81D74FD-A525-4E1D-AED2-F26A2CC6994C}.Debug|Any CPU.Build.0 = Debug|Any CPU
		{E81D74FD-A525-4E1D-AED2-F26A2CC6994C}.Release|Any CPU.ActiveCfg = Release|Any CPU
		{E81D74FD-A525-4E1D-AED2-F26A2CC6994C}.Release|Any CPU.Build.0 = Release|Any CPU
		{BC029824-38AD-441C-93CF-AEE5158ED33D}.Debug|Any CPU.ActiveCfg = Debug|Any CPU
		{BC029824-38AD-441C-93CF-AEE5158ED33D}.Debug|Any CPU.Build.0 = Debug|Any CPU
		{BC029824-38AD-441C-93CF-AEE5158ED33D}.Release|Any CPU.ActiveCfg = Release|Any CPU
		{BC029824-38AD-441C-93CF-AEE5158ED33D}.Release|Any CPU.Build.0 = Release|Any CPU
		{C7613817-C6D2-4844-A09B-D593EC36A688}.Debug|Any CPU.ActiveCfg = Debug|Any CPU
		{C7613817-C6D2-4844-A09B-D593EC36A688}.Debug|Any CPU.Build.0 = Debug|Any CPU
		{C7613817-C6D2-4844-A09B-D593EC36A688}.Release|Any CPU.ActiveCfg = Release|Any CPU
		{C7613817-C6D2-4844-A09B-D593EC36A688}.Release|Any CPU.Build.0 = Release|Any CPU
		{19A700BD-3442-4BED-B92C-05FFCA9878D4}.Debug|Any CPU.ActiveCfg = Debug|Any CPU
		{19A700BD-3442-4BED-B92C-05FFCA9878D4}.Debug|Any CPU.Build.0 = Debug|Any CPU
		{19A700BD-3442-4BED-B92C-05FFCA9878D4}.Release|Any CPU.ActiveCfg = Release|Any CPU
		{19A700BD-3442-4BED-B92C-05FFCA9878D4}.Release|Any CPU.Build.0 = Release|Any CPU
		{FC02418E-A36A-438E-90D7-690FF90C5918}.Debug|Any CPU.ActiveCfg = Debug|Any CPU
		{FC02418E-A36A-438E-90D7-690FF90C5918}.Debug|Any CPU.Build.0 = Debug|Any CPU
		{FC02418E-A36A-438E-90D7-690FF90C5918}.Release|Any CPU.ActiveCfg = Release|Any CPU
		{FC02418E-A36A-438E-90D7-690FF90C5918}.Release|Any CPU.Build.0 = Release|Any CPU
	EndGlobalSection
	GlobalSection(NestedProjects) = preSolution
		{C14D011E-DAD2-4660-AAD8-162BFD1E3D1C} = {F98850FA-D861-48FC-9ADF-716E9AAA4739}
		{E81D74FD-A525-4E1D-AED2-F26A2CC6994C} = {F98850FA-D861-48FC-9ADF-716E9AAA4739}
		{BC029824-38AD-441C-93CF-AEE5158ED33D} = {F98850FA-D861-48FC-9ADF-716E9AAA4739}
		{C7613817-C6D2-4844-A09B-D593EC36A688} = {F98850FA-D861-48FC-9ADF-716E9AAA4739}
		{19A700BD-3442-4BED-B92C-05FFCA9878D4} = {A9296E07-58B4-475F-AB3E-70ACC4BD00D0}
		{FC02418E-A36A-438E-90D7-690FF90C5918} = {A9296E07-58B4-475F-AB3E-70ACC4BD00D0}
	EndGlobalSection
EndGlobal
